
Microsoft Visual Studio Solution File, Format Version 12.00
# Visual Studio Version 17
VisualStudioVersion = 17.9.34902.65
MinimumVisualStudioVersion = 10.0.40219.1
Project("{FAE04EC0-301F-11D3-BF4B-00C04F79EFBC}") = "ConsoleApp9", "ConsoleApp9\ConsoleApp9.csproj", "{3C9D2B3C-043A-4F2B-8BA0-5D750D479E3F}"
EndProject
Global
	GlobalSection(SolutionConfigurationPlatforms) = preSolution
		Debug|Any CPU = Debug|Any CPU
		Release|Any CPU = Release|Any CPU
	EndGlobalSection
	GlobalSection(ProjectConfigurationPlatforms) = postSolution
		{3C9D2B3C-043A-4F2B-8BA0-5D750D479E3F}.Debug|Any CPU.ActiveCfg = Debug|Any CPU
		{3C9D2B3C-043A-4F2B-8BA0-5D750D479E3F}.Debug|Any CPU.Build.0 = Debug|Any CPU
		{3C9D2B3C-043A-4F2B-8BA0-5D750D479E3F}.Release|Any CPU.ActiveCfg = Release|Any CPU
		{3C9D2B3C-043A-4F2B-8BA0-5D750D479E3F}.Release|Any CPU.Build.0 = Release|Any CPU
	EndGlobalSection
	GlobalSection(SolutionProperties) = preSolution
		HideSolutionNode = FALSE
	EndGlobalSection
	GlobalSection(ExtensibilityGlobals) = postSolution
		SolutionGuid = {975222B9-28BC-4D69-96A3-6E24ACA806D8}
	EndGlobalSection
EndGlobal
